
Microsoft Visual Studio Solution File, Format Version 12.00
# Visual Studio 2012
Project("{FAE04EC0-301F-11D3-BF4B-00C04F79EFBC}") = "GtfsService", "GtfsService\GtfsService.csproj", "{9498CCCC-5601-443F-97A5-07A867CB4847}"
EndProject
Project("{FAE04EC0-301F-11D3-BF4B-00C04F79EFBC}") = "GtfsService.Tests", "GtfsService.Tests\GtfsService.Tests.csproj", "{75E49C30-DB23-4ACA-BD5E-DC026C75A79C}"
EndProject
Global
	GlobalSection(SolutionConfigurationPlatforms) = preSolution
		Debug|Any CPU = Debug|Any CPU
		Release|Any CPU = Release|Any CPU
	EndGlobalSection
	GlobalSection(ProjectConfigurationPlatforms) = postSolution
		{9498CCCC-5601-443F-97A5-07A867CB4847}.Debug|Any CPU.ActiveCfg = Debug|Any CPU
		{9498CCCC-5601-443F-97A5-07A867CB4847}.Debug|Any CPU.Build.0 = Debug|Any CPU
		{9498CCCC-5601-443F-97A5-07A867CB4847}.Release|Any CPU.ActiveCfg = Release|Any CPU
		{9498CCCC-5601-443F-97A5-07A867CB4847}.Release|Any CPU.Build.0 = Release|Any CPU
		{75E49C30-DB23-4ACA-BD5E-DC026C75A79C}.Debug|Any CPU.ActiveCfg = Debug|Any CPU
		{75E49C30-DB23-4ACA-BD5E-DC026C75A79C}.Debug|Any CPU.Build.0 = Debug|Any CPU
		{75E49C30-DB23-4ACA-BD5E-DC026C75A79C}.Release|Any CPU.ActiveCfg = Release|Any CPU
		{75E49C30-DB23-4ACA-BD5E-DC026C75A79C}.Release|Any CPU.Build.0 = Release|Any CPU
	EndGlobalSection
	GlobalSection(SolutionProperties) = preSolution
		HideSolutionNode = FALSE
	EndGlobalSection
EndGlobal
